// !$*UTF8*$!
{
	archiveVersion = 1;
	classes = {
	};
	objectVersion = 46;
	objects = {

/* Begin PBXBuildFile section */
		826486711E9229D40058A587 /* AppDelegate.swift in Sources */ = {isa = PBXBuildFile; fileRef = 826486701E9229D40058A587 /* AppDelegate.swift */; };
		826486731E9229D40058A587 /* ViewController.swift in Sources */ = {isa = PBXBuildFile; fileRef = 826486721E9229D40058A587 /* ViewController.swift */; };
		826486761E9229D40058A587 /* Main.storyboard in Resources */ = {isa = PBXBuildFile; fileRef = 826486741E9229D40058A587 /* Main.storyboard */; };
		826486781E9229D50058A587 /* Assets.xcassets in Resources */ = {isa = PBXBuildFile; fileRef = 826486771E9229D50058A587 /* Assets.xcassets */; };
		8264867B1E9229D50058A587 /* LaunchScreen.storyboard in Resources */ = {isa = PBXBuildFile; fileRef = 826486791E9229D50058A587 /* LaunchScreen.storyboard */; };
/* End PBXBuildFile section */

/* Begin PBXFileReference section */
		8264866D1E9229D40058A587 /* AlamofireUsingCocoapods.app */ = {isa = PBXFileReference; explicitFileType = wrapper.application; includeInIndex = 0; path = AlamofireUsingCocoapods.app; sourceTree = BUILT_PRODUCTS_DIR; };
		826486701E9229D40058A587 /* AppDelegate.swift */ = {isa = PBXFileReference; lastKnownFileType = sourcecode.swift; path = AppDelegate.swift; sourceTree = "<group>"; };
		826486721E9229D40058A587 /* ViewController.swift */ = {isa = PBXFileReference; lastKnownFileType = sourcecode.swift; path = ViewController.swift; sourceTree = "<group>"; };
		826486751E9229D40058A587 /* Base */ = {isa = PBXFileReference; lastKnownFileType = file.storyboard; name = Base; path = Base.lproj/Main.storyboard; sourceTree = "<group>"; };
		826486771E9229D50058A587 /* Assets.xcassets */ = {isa = PBXFileReference; lastKnownFileType = folder.assetcatalog; path = Assets.xcassets; sourceTree = "<group>"; };
		8264867A1E9229D50058A587 /* Base */ = {isa = PBXFileReference; lastKnownFileType = file.storyboard; name = Base; path = Base.lproj/LaunchScreen.storyboard; sourceTree = "<group>"; };
		8264867C1E9229D50058A587 /* Info.plist */ = {isa = PBXFileReference; lastKnownFileType = text.plist.xml; path = Info.plist; sourceTree = "<group>"; };
/* End PBXFileReference section */

/* Begin PBXFrameworksBuildPhase section */
		8264866A1E9229D40058A587 /* Frameworks */ = {
			isa = PBXFrameworksBuildPhase;
			buildActionMask = 2147483647;
			files = (
			);
			runOnlyForDeploymentPostprocessing = 0;
		};
/* End PBXFrameworksBuildPhase section */

/* Begin PBXGroup section */
		826486641E9229D40058A587 = {
			isa = PBXGroup;
			children = (
				8264866F1E9229D40058A587 /* AlamofireUsingCocoapods */,
				8264866E1E9229D40058A587 /* Products */,
			);
			sourceTree = "<group>";
		};
		8264866E1E9229D40058A587 /* Products */ = {
			isa = PBXGroup;
			children = (
				8264866D1E9229D40058A587 /* AlamofireUsingCocoapods.app */,
			);
			name = Products;
			sourceTree = "<group>";
		};
		8264866F1E9229D40058A587 /* AlamofireUsingCocoapods */ = {
			isa = PBXGroup;
			children = (
				826486701E9229D40058A587 /* AppDelegate.swift */,
				826486721E9229D40058A587 /* ViewController.swift */,
				826486741E9229D40058A587 /* Main.storyboard */,
				826486771E9229D50058A587 /* Assets.xcassets */,
				826486791E9229D50058A587 /* LaunchScreen.storyboard */,
				8264867C1E9229D50058A587 /* Info.plist */,
			);
			path = AlamofireUsingCocoapods;
			sourceTree = "<group>";
		};
/* End PBXGroup section */

/* Begin PBXNativeTarget section */
		8264866C1E9229D40058A587 /* AlamofireUsingCocoapods */ = {
			isa = PBXNativeTarget;
			buildConfigurationList = 8264867F1E9229D50058A587 /* Build configuration list for PBXNativeTarget "AlamofireUsingCocoapods" */;
			buildPhases = (
				826486691E9229D40058A587 /* Sources */,
				8264866A1E9229D40058A587 /* Frameworks */,
				8264866B1E9229D40058A587 /* Resources */,
			);
			buildRules = (
			);
			dependencies = (
			);
			name = AlamofireUsingCocoapods;
			productName = AlamofireUsingCocoapods;
			productReference = 8264866D1E9229D40058A587 /* AlamofireUsingCocoapods.app */;
			productType = "com.apple.product-type.application";
		};
/* End PBXNativeTarget section */

/* Begin PBXProject section */
		826486651E9229D40058A587 /* Project object */ = {
			isa = PBXProject;
			attributes = {
				LastSwiftUpdateCheck = 0820;
				LastUpgradeCheck = 0820;
				ORGANIZATIONNAME = "Pushpam Group";
				TargetAttributes = {
					8264866C1E9229D40058A587 = {
						CreatedOnToolsVersion = 8.2;
						ProvisioningStyle = Automatic;
					};
				};
			};
			buildConfigurationList = 826486681E9229D40058A587 /* Build configuration list for PBXProject "AlamofireUsingCocoapods" */;
			compatibilityVersion = "Xcode 3.2";
			developmentRegion = English;
			hasScannedForEncodings = 0;
			knownRegions = (
				en,
				Base,
			);
			mainGroup = 826486641E9229D40058A587;
			productRefGroup = 8264866E1E9229D40058A587 /* Products */;
			projectDirPath = "";
			projectRoot = "";
			targets = (
				8264866C1E9229D40058A587 /* AlamofireUsingCocoapods */,
			);
		};
/* End PBXProject section */

/* Begin PBXResourcesBuildPhase section */
		8264866B1E9229D40058A587 /* Resources */ = {
			isa = PBXResourcesBuildPhase;
			buildActionMask = 2147483647;
			files = (
				8264867B1E9229D50058A587 /* LaunchScreen.storyboard in Resources */,
				826486781E9229D50058A587 /* Assets.xcassets in Resources */,
				826486761E9229D40058A587 /* Main.storyboard in Resources */,
			);
			runOnlyForDeploymentPostprocessing = 0;
		};
/* End PBXResourcesBuildPhase section */

/* Begin PBXSourcesBuildPhase section */
		826486691E9229D40058A587 /* Sources */ = {
			isa = PBXSourcesBuildPhase;
			buildActionMask = 2147483647;
			files = (
				826486731E9229D40058A587 /* ViewController.swift in Sources */,
				826486711E9229D40058A587 /* AppDelegate.swift in Sources */,
			);
			runOnlyForDeploymentPostprocessing = 0;
		};
/* End PBXSourcesBuildPhase section */

/* Begin PBXVariantGroup section */
		826486741E9229D40058A587 /* Main.storyboard */ = {
			isa = PBXVariantGroup;
			children = (
				826486751E9229D40058A587 /* Base */,
			);
			name = Main.storyboard;
			sourceTree = "<group>";
		};
		826486791E9229D50058A587 /* LaunchScreen.storyboard */ = {
			isa = PBXVariantGroup;
			children = (
				8264867A1E9229D50058A587 /* Base */,
			);
			name = LaunchScreen.storyboard;
			sourceTree = "<group>";
		};
/* End PBXVariantGroup section */

/* Begin XCBuildConfiguration section */
		8264867D1E9229D50058A587 /* Debug */ = {
			isa = XCBuildConfiguration;
			buildSettings = {
				ALWAYS_SEARCH_USER_PATHS = NO;
				CLANG_ANALYZER_NONNULL = YES;
				CLANG_CXX_LANGUAGE_STANDARD = "gnu++0x";
				CLANG_CXX_LIBRARY = "libc++";
				CLANG_ENABLE_MODULES = YES;
				CLANG_ENABLE_OBJC_ARC = YES;
				CLANG_WARN_BOOL_CONVERSION = YES;
				CLANG_WARN_CONSTANT_CONVERSION = YES;
				CLANG_WARN_DIRECT_OBJC_ISA_USAGE = YES_ERROR;
				CLANG_WARN_DOCUMENTATION_COMMENTS = YES;
				CLANG_WARN_EMPTY_BODY = YES;
				CLANG_WARN_ENUM_CONVERSION = YES;
				CLANG_WARN_INFINITE_RECURSION = YES;
				CLANG_WARN_INT_CONVERSION = YES;
				CLANG_WARN_OBJC_ROOT_CLASS = YES_ERROR;
				CLANG_WARN_SUSPICIOUS_MOVE = YES;
				CLANG_WARN_UNREACHABLE_CODE = YES;
				CLANG_WARN__DUPLICATE_METHOD_MATCH = YES;
				"CODE_SIGN_IDENTITY[sdk=iphoneos*]" = "iPhone Developer";
				COPY_PHASE_STRIP = NO;
				DEBUG_INFORMATION_FORMAT = dwarf;
				ENABLE_STRICT_OBJC_MSGSEND = YES;
				ENABLE_TESTABILITY = YES;
				GCC_C_LANGUAGE_STANDARD = gnu99;
				GCC_DYNAMIC_NO_PIC = NO;
				GCC_NO_COMMON_BLOCKS = YES;
				GCC_OPTIMIZATION_LEVEL = 0;
				GCC_PREPROCESSOR_DEFINITIONS = (
					"DEBUG=1",
					"$(inherited)",
				);
				GCC_WARN_64_TO_32_BIT_CONVERSION = YES;
				GCC_WARN_ABOUT_RETURN_TYPE = YES_ERROR;
				GCC_WARN_UNDECLARED_SELECTOR = YES;
				GCC_WARN_UNINITIALIZED_AUTOS = YES_AGGRESSIVE;
				GCC_WARN_UNUSED_FUNCTION = YES;
				GCC_WARN_UNUSED_VARIABLE = YES;
				IPHONEOS_DEPLOYMENT_TARGET = 10.2;
				MTL_ENABLE_DEBUG_INFO = YES;
				ONLY_ACTIVE_ARCH = YES;
				SDKROOT = iphoneos;
				SWIFT_ACTIVE_COMPILATION_CONDITIONS = DEBUG;
				SWIFT_OPTIMIZATION_LEVEL = "-Onone";
			};
			name = Debug;
		};
		8264867E1E9229D50058A587 /* Release */ = {
			isa = XCBuildConfiguration;
			buildSettings = {
				ALWAYS_SEARCH_USER_PATHS = NO;
				CLANG_ANALYZER_NONNULL = YES;
				CLANG_CXX_LANGUAGE_STANDARD = "gnu++0x";
				CLANG_CXX_LIBRARY = "libc++";
				CLANG_ENABLE_MODULES = YES;
				CLANG_ENABLE_OBJC_ARC = YES;
				CLANG_WARN_BOOL_CONVERSION = YES;
				CLANG_WARN_CONSTANT_CONVERSION = YES;
				CLANG_WARN_DIRECT_OBJC_ISA_USAGE = YES_ERROR;
				CLANG_WARN_DOCUMENTATION_COMMENTS = YES;
				CLANG_WARN_EMPTY_BODY = YES;
				CLANG_WARN_ENUM_CONVERSION = YES;
				CLANG_WARN_INFINITE_RECURSION = YES;
				CLANG_WARN_INT_CONVERSION = YES;
				CLANG_WARN_OBJC_ROOT_CLASS = YES_ERROR;
				CLANG_WARN_SUSPICIOUS_MOVE = YES;
				CLANG_WARN_UNREACHABLE_CODE = YES;
				CLANG_WARN__DUPLICATE_METHOD_MATCH = YES;
				"CODE_SIGN_IDENTITY[sdk=iphoneos*]" = "iPhone Developer";
				COPY_PHASE_STRIP = NO;
				DEBUG_INFORMATION_FORMAT = "dwarf-with-dsym";
				ENABLE_NS_ASSERTIONS = NO;
				ENABLE_STRICT_OBJC_MSGSEND = YES;
				GCC_C_LANGUAGE_STANDARD = gnu99;
				GCC_NO_COMMON_BLOCKS = YES;
				GCC_WARN_64_TO_32_BIT_CONVERSION = YES;
				GCC_WARN_ABOUT_RETURN_TYPE = YES_ERROR;
				GCC_WARN_UNDECLARED_SELECTOR = YES;
				GCC_WARN_UNINITIALIZED_AUTOS = YES_AGGRESSIVE;
				GCC_WARN_UNUSED_FUNCTION = YES;
				GCC_WARN_UNUSED_VARIABLE = YES;
				IPHONEOS_DEPLOYMENT_TARGET = 10.2;
				MTL_ENABLE_DEBUG_INFO = NO;
				SDKROOT = iphoneos;
				SWIFT_OPTIMIZATION_LEVEL = "-Owholemodule";
				VALIDATE_PRODUCT = YES;
			};
			name = Release;
		};
		826486801E9229D50058A587 /* Debug */ = {
			isa = XCBuildConfiguration;
			buildSettings = {
				ASSETCATALOG_COMPILER_APPICON_NAME = AppIcon;
				INFOPLIST_FILE = AlamofireUsingCocoapods/Info.plist;
				LD_RUNPATH_SEARCH_PATHS = "$(inherited) @executable_path/Frameworks";
				PRODUCT_BUNDLE_IDENTIFIER = com.swift.Test.AlamofireUsingCocoapods;
				PRODUCT_NAME = "$(TARGET_NAME)";
				SWIFT_VERSION = 3.0;
			};
			name = Debug;
		};
		826486811E9229D50058A587 /* Release */ = {
			isa = XCBuildConfiguration;
			buildSettings = {
				ASSETCATALOG_COMPILER_APPICON_NAME = AppIcon;
				INFOPLIST_FILE = AlamofireUsingCocoapods/Info.plist;
				LD_RUNPATH_SEARCH_PATHS = "$(inherited) @executable_path/Frameworks";
				PRODUCT_BUNDLE_IDENTIFIER = com.swift.Test.AlamofireUsingCocoapods;
				PRODUCT_NAME = "$(TARGET_NAME)";
				SWIFT_VERSION = 3.0;
			};
			name = Release;
		};
/* End XCBuildConfiguration section */

/* Begin XCConfigurationList section */
		826486681E9229D40058A587 /* Build configuration list for PBXProject "AlamofireUsingCocoapods" */ = {
			isa = XCConfigurationList;
			buildConfigurations = (
				8264867D1E9229D50058A587 /* Debug */,
				8264867E1E9229D50058A587 /* Release */,
			);
			defaultConfigurationIsVisible = 0;
			defaultConfigurationName = Release;
		};
		8264867F1E9229D50058A587 /* Build configuration list for PBXNativeTarget "AlamofireUsingCocoapods" */ = {
			isa = XCConfigurationList;
			buildConfigurations = (
				826486801E9229D50058A587 /* Debug */,
				826486811E9229D50058A587 /* Release */,
			);
			defaultConfigurationIsVisible = 0;
		};
/* End XCConfigurationList section */
	};
	rootObject = 826486651E9229D40058A587 /* Project object */;
}
